
Microsoft Visual Studio Solution File, Format Version 12.00
# Visual Studio 15
VisualStudioVersion = 15.0.28307.421
MinimumVisualStudioVersion = 10.0.40219.1
Project("{FAE04EC0-301F-11D3-BF4B-00C04F79EFBC}") = "Learn-csharp", "Learn-csharp\Learn-csharp.csproj", "{88BF8460-43FC-4BD2-821D-5E67BCBAC967}"
EndProject
Global
	GlobalSection(SolutionConfigurationPlatforms) = preSolution
		Debug|Any CPU = Debug|Any CPU
		Release|Any CPU = Release|Any CPU
	EndGlobalSection
	GlobalSection(ProjectConfigurationPlatforms) = postSolution
		{88BF8460-43FC-4BD2-821D-5E67BCBAC967}.Debug|Any CPU.ActiveCfg = Debug|Any CPU
		{88BF8460-43FC-4BD2-821D-5E67BCBAC967}.Debug|Any CPU.Build.0 = Debug|Any CPU
		{88BF8460-43FC-4BD2-821D-5E67BCBAC967}.Release|Any CPU.ActiveCfg = Release|Any CPU
		{88BF8460-43FC-4BD2-821D-5E67BCBAC967}.Release|Any CPU.Build.0 = Release|Any CPU
	EndGlobalSection
	GlobalSection(SolutionProperties) = preSolution
		HideSolutionNode = FALSE
	EndGlobalSection
	GlobalSection(ExtensibilityGlobals) = postSolution
		SolutionGuid = {816930A0-1141-4462-8880-94E1446246A0}
	EndGlobalSection
EndGlobal
